
Microsoft Visual Studio Solution File, Format Version 12.00
# Visual Studio 15
VisualStudioVersion = 15.0.27703.2035
MinimumVisualStudioVersion = 10.0.40219.1
Project("{FAE04EC0-301F-11D3-BF4B-00C04F79EFBC}") = "DistributedBCrypt", "DistributedBCrypt\DistributedBCrypt.csproj", "{65AA17F8-8337-4685-9754-7FD1336ADECD}"
EndProject
Project("{FAE04EC0-301F-11D3-BF4B-00C04F79EFBC}") = "DistributedBCrypt.Shared", "DistributedBCrypt.Shared\DistributedBCrypt.Shared.csproj", "{93EB84DC-3913-461B-9AB2-BB9190624692}"
EndProject
Project("{FAE04EC0-301F-11D3-BF4B-00C04F79EFBC}") = "DistributedBCrypt.Worker", "DistributedBCrypt.Worker\DistributedBCrypt.Worker.csproj", "{274FF108-956A-486E-8833-023C7F79FF5A}"
EndProject
Global
	GlobalSection(SolutionConfigurationPlatforms) = preSolution
		Debug|Any CPU = Debug|Any CPU
		Release|Any CPU = Release|Any CPU
	EndGlobalSection
	GlobalSection(ProjectConfigurationPlatforms) = postSolution
		{65AA17F8-8337-4685-9754-7FD1336ADECD}.Debug|Any CPU.ActiveCfg = Debug|Any CPU
		{65AA17F8-8337-4685-9754-7FD1336ADECD}.Debug|Any CPU.Build.0 = Debug|Any CPU
		{65AA17F8-8337-4685-9754-7FD1336ADECD}.Release|Any CPU.ActiveCfg = Release|Any CPU
		{65AA17F8-8337-4685-9754-7FD1336ADECD}.Release|Any CPU.Build.0 = Release|Any CPU
		{93EB84DC-3913-461B-9AB2-BB9190624692}.Debug|Any CPU.ActiveCfg = Debug|Any CPU
		{93EB84DC-3913-461B-9AB2-BB9190624692}.Debug|Any CPU.Build.0 = Debug|Any CPU
		{93EB84DC-3913-461B-9AB2-BB9190624692}.Release|Any CPU.ActiveCfg = Release|Any CPU
		{93EB84DC-3913-461B-9AB2-BB9190624692}.Release|Any CPU.Build.0 = Release|Any CPU
		{274FF108-956A-486E-8833-023C7F79FF5A}.Debug|Any CPU.ActiveCfg = Debug|Any CPU
		{274FF108-956A-486E-8833-023C7F79FF5A}.Debug|Any CPU.Build.0 = Debug|Any CPU
		{274FF108-956A-486E-8833-023C7F79FF5A}.Release|Any CPU.ActiveCfg = Release|Any CPU
		{274FF108-956A-486E-8833-023C7F79FF5A}.Release|Any CPU.Build.0 = Release|Any CPU
	EndGlobalSection
	GlobalSection(SolutionProperties) = preSolution
		HideSolutionNode = FALSE
	EndGlobalSection
	GlobalSection(ExtensibilityGlobals) = postSolution
		SolutionGuid = {3F3A0818-5CF1-4C74-B6C1-8515A8F53B48}
	EndGlobalSection
EndGlobal
